
Microsoft Visual Studio Solution File, Format Version 12.00
# Visual Studio 15
VisualStudioVersion = 15.0.28306.52
MinimumVisualStudioVersion = 10.0.40219.1
Project("{FAE04EC0-301F-11D3-BF4B-00C04F79EFBC}") = "Matching", "Matching.csproj", "{49A29B8D-D80A-4BE8-98F1-2331632FF980}"
EndProject
Global
	GlobalSection(SolutionConfigurationPlatforms) = preSolution
		Debug|Any CPU = Debug|Any CPU
		Release|Any CPU = Release|Any CPU
	EndGlobalSection
	GlobalSection(ProjectConfigurationPlatforms) = postSolution
		{49A29B8D-D80A-4BE8-98F1-2331632FF980}.Debug|Any CPU.ActiveCfg = Debug|Any CPU
		{49A29B8D-D80A-4BE8-98F1-2331632FF980}.Debug|Any CPU.Build.0 = Debug|Any CPU
		{49A29B8D-D80A-4BE8-98F1-2331632FF980}.Release|Any CPU.ActiveCfg = Release|Any CPU
		{49A29B8D-D80A-4BE8-98F1-2331632FF980}.Release|Any CPU.Build.0 = Release|Any CPU
	EndGlobalSection
	GlobalSection(SolutionProperties) = preSolution
		HideSolutionNode = FALSE
	EndGlobalSection
	GlobalSection(ExtensibilityGlobals) = postSolution
		SolutionGuid = {97820E01-73B3-4F0C-BFE0-FBF5D0365ED7}
	EndGlobalSection
EndGlobal
