
Microsoft Visual Studio Solution File, Format Version 9.00
# Visual Studio 2005
Project("{FAE04EC0-301F-11D3-BF4B-00C04F79EFBC}") = "IACallback", "IACallback.csproj", "{AF42B61B-ECCF-4D63-8FA7-38A7DD5EE7E8}"
	ProjectSection(WebsiteProperties) = preProject
		Debug.AspNetCompiler.Debug = "True"
		Release.AspNetCompiler.Debug = "False"
	EndProjectSection
EndProject
Global
	GlobalSection(SolutionConfigurationPlatforms) = preSolution
		Debug|Any CPU = Debug|Any CPU
		Release|Any CPU = Release|Any CPU
	EndGlobalSection
	GlobalSection(ProjectConfigurationPlatforms) = postSolution
		{AF42B61B-ECCF-4D63-8FA7-38A7DD5EE7E8}.Debug|Any CPU.ActiveCfg = Debug|Any CPU
		{AF42B61B-ECCF-4D63-8FA7-38A7DD5EE7E8}.Debug|Any CPU.Build.0 = Debug|Any CPU
		{AF42B61B-ECCF-4D63-8FA7-38A7DD5EE7E8}.Release|Any CPU.ActiveCfg = Release|Any CPU
		{AF42B61B-ECCF-4D63-8FA7-38A7DD5EE7E8}.Release|Any CPU.Build.0 = Release|Any CPU
	EndGlobalSection
	GlobalSection(SolutionProperties) = preSolution
		HideSolutionNode = FALSE
	EndGlobalSection
EndGlobal
